
Microsoft Visual Studio Solution File, Format Version 12.00
# Visual Studio 2013
VisualStudioVersion = 12.0.21005.1
MinimumVisualStudioVersion = 10.0.40219.1
Project("{FAE04EC0-301F-11D3-BF4B-00C04F79EFBC}") = "Bless", "Bless\Bless.csproj", "{D8485FF0-35C8-4896-9F8B-13D81D148C58}"
EndProject
Project("{FAE04EC0-301F-11D3-BF4B-00C04F79EFBC}") = "Bless.Core", "Bless.Core\Bless.Core.csproj", "{FAA48416-9480-480E-8CA3-C6454736A939}"
EndProject
Project("{2150E333-8FDC-42A3-9474-1A3956D46DE8}") = "Solution Items", "Solution Items", "{1F7F1E77-8A35-41C6-95C6-EA5CFE572782}"
	ProjectSection(SolutionItems) = preProject
		.gitignore = .gitignore
		nuget\Bless.Core.nuspec = nuget\Bless.Core.nuspec
		nuget\Bless.exe.nuspec = nuget\Bless.exe.nuspec
		LICENSE.txt = LICENSE.txt
		README.md = README.md
		Version.cs = Version.cs
	EndProjectSection
EndProject
Project("{FAE04EC0-301F-11D3-BF4B-00C04F79EFBC}") = "Bless.Core.Tests", "Bless.Core.Tests\Bless.Core.Tests.csproj", "{65820DA0-8ECB-4339-AC2C-AE06760EDD17}"
EndProject
Global
	GlobalSection(SolutionConfigurationPlatforms) = preSolution
		Debug|Any CPU = Debug|Any CPU
		Release|Any CPU = Release|Any CPU
	EndGlobalSection
	GlobalSection(ProjectConfigurationPlatforms) = postSolution
		{D8485FF0-35C8-4896-9F8B-13D81D148C58}.Debug|Any CPU.ActiveCfg = Debug|Any CPU
		{D8485FF0-35C8-4896-9F8B-13D81D148C58}.Debug|Any CPU.Build.0 = Debug|Any CPU
		{D8485FF0-35C8-4896-9F8B-13D81D148C58}.Release|Any CPU.ActiveCfg = Release|Any CPU
		{D8485FF0-35C8-4896-9F8B-13D81D148C58}.Release|Any CPU.Build.0 = Release|Any CPU
		{FAA48416-9480-480E-8CA3-C6454736A939}.Debug|Any CPU.ActiveCfg = Debug|Any CPU
		{FAA48416-9480-480E-8CA3-C6454736A939}.Debug|Any CPU.Build.0 = Debug|Any CPU
		{FAA48416-9480-480E-8CA3-C6454736A939}.Release|Any CPU.ActiveCfg = Release|Any CPU
		{FAA48416-9480-480E-8CA3-C6454736A939}.Release|Any CPU.Build.0 = Release|Any CPU
		{65820DA0-8ECB-4339-AC2C-AE06760EDD17}.Debug|Any CPU.ActiveCfg = Debug|Any CPU
		{65820DA0-8ECB-4339-AC2C-AE06760EDD17}.Debug|Any CPU.Build.0 = Debug|Any CPU
		{65820DA0-8ECB-4339-AC2C-AE06760EDD17}.Release|Any CPU.ActiveCfg = Release|Any CPU
		{65820DA0-8ECB-4339-AC2C-AE06760EDD17}.Release|Any CPU.Build.0 = Release|Any CPU
	EndGlobalSection
	GlobalSection(SolutionProperties) = preSolution
		HideSolutionNode = FALSE
	EndGlobalSection
EndGlobal
